
Microsoft Visual Studio Solution File, Format Version 12.00
# Visual Studio Version 16
VisualStudioVersion = 16.0.29306.81
MinimumVisualStudioVersion = 10.0.40219.1
Project("{FAE04EC0-301F-11D3-BF4B-00C04F79EFBC}") = "Test Console", "Test Console.csproj", "{DABED816-08EC-4C05-A8F6-AAECC47E0564}"
EndProject
Global
	GlobalSection(SolutionConfigurationPlatforms) = preSolution
		Debug|Any CPU = Debug|Any CPU
		Release|Any CPU = Release|Any CPU
	EndGlobalSection
	GlobalSection(ProjectConfigurationPlatforms) = postSolution
		{DABED816-08EC-4C05-A8F6-AAECC47E0564}.Debug|Any CPU.ActiveCfg = Debug|Any CPU
		{DABED816-08EC-4C05-A8F6-AAECC47E0564}.Debug|Any CPU.Build.0 = Debug|Any CPU
		{DABED816-08EC-4C05-A8F6-AAECC47E0564}.Release|Any CPU.ActiveCfg = Release|Any CPU
		{DABED816-08EC-4C05-A8F6-AAECC47E0564}.Release|Any CPU.Build.0 = Release|Any CPU
	EndGlobalSection
	GlobalSection(SolutionProperties) = preSolution
		HideSolutionNode = FALSE
	EndGlobalSection
	GlobalSection(ExtensibilityGlobals) = postSolution
		SolutionGuid = {841B4252-F79B-4C53-A3F1-01421D94C121}
	EndGlobalSection
EndGlobal
